
Microsoft Visual Studio Solution File, Format Version 12.00
# Visual Studio Version 17
VisualStudioVersion = 17.6.33829.357
MinimumVisualStudioVersion = 10.0.40219.1
Project("{FAE04EC0-301F-11D3-BF4B-00C04F79EFBC}") = "AcademySennaAPI", "AcademySennaAPI\AcademySennaAPI.csproj", "{7746B666-1C15-4A71-9382-18AFF9817FD6}"
EndProject
Global
	GlobalSection(SolutionConfigurationPlatforms) = preSolution
		Debug|Any CPU = Debug|Any CPU
		Release|Any CPU = Release|Any CPU
	EndGlobalSection
	GlobalSection(ProjectConfigurationPlatforms) = postSolution
		{7746B666-1C15-4A71-9382-18AFF9817FD6}.Debug|Any CPU.ActiveCfg = Debug|Any CPU
		{7746B666-1C15-4A71-9382-18AFF9817FD6}.Debug|Any CPU.Build.0 = Debug|Any CPU
		{7746B666-1C15-4A71-9382-18AFF9817FD6}.Release|Any CPU.ActiveCfg = Release|Any CPU
		{7746B666-1C15-4A71-9382-18AFF9817FD6}.Release|Any CPU.Build.0 = Release|Any CPU
	EndGlobalSection
	GlobalSection(SolutionProperties) = preSolution
		HideSolutionNode = FALSE
	EndGlobalSection
	GlobalSection(ExtensibilityGlobals) = postSolution
		SolutionGuid = {A1A8EF0F-DD1C-4810-8D80-9FF90B67C28B}
	EndGlobalSection
EndGlobal
